
Microsoft Visual Studio Solution File, Format Version 12.00
# Visual Studio 15
VisualStudioVersion = 15.0.27004.2002
MinimumVisualStudioVersion = 10.0.40219.1
Project("{FAE04EC0-301F-11D3-BF4B-00C04F79EFBC}") = "Omar_OyarceP1", "Omar_OyarceP1\Omar_OyarceP1.csproj", "{ACCFE067-D7DB-4D9D-9CFF-3E3012F1C48F}"
EndProject
Global
	GlobalSection(SolutionConfigurationPlatforms) = preSolution
		Debug|Any CPU = Debug|Any CPU
		Release|Any CPU = Release|Any CPU
	EndGlobalSection
	GlobalSection(ProjectConfigurationPlatforms) = postSolution
		{ACCFE067-D7DB-4D9D-9CFF-3E3012F1C48F}.Debug|Any CPU.ActiveCfg = Debug|Any CPU
		{ACCFE067-D7DB-4D9D-9CFF-3E3012F1C48F}.Debug|Any CPU.Build.0 = Debug|Any CPU
		{ACCFE067-D7DB-4D9D-9CFF-3E3012F1C48F}.Release|Any CPU.ActiveCfg = Release|Any CPU
		{ACCFE067-D7DB-4D9D-9CFF-3E3012F1C48F}.Release|Any CPU.Build.0 = Release|Any CPU
	EndGlobalSection
	GlobalSection(SolutionProperties) = preSolution
		HideSolutionNode = FALSE
	EndGlobalSection
	GlobalSection(ExtensibilityGlobals) = postSolution
		SolutionGuid = {6DE9E8B7-97A2-4AC4-BD1A-318BB7DA6377}
	EndGlobalSection
EndGlobal
